
Microsoft Visual Studio Solution File, Format Version 12.00
# Visual Studio 14
VisualStudioVersion = 14.0.24720.0
MinimumVisualStudioVersion = 10.0.40219.1
Project("{FAE04EC0-301F-11D3-BF4B-00C04F79EFBC}") = "TicketReservation.WebUI", "TicketReservation\TicketReservation.WebUI.csproj", "{E39F41C6-F5D3-4017-A3B3-FDE50900FA21}"
EndProject
Project("{FAE04EC0-301F-11D3-BF4B-00C04F79EFBC}") = "TicketReservation.Domain", "TicketReservation.Domain\TicketReservation.Domain.csproj", "{BB56F23D-69AB-4B1B-B6CD-085CEBB92F24}"
EndProject
Project("{FAE04EC0-301F-11D3-BF4B-00C04F79EFBC}") = "TicketReservation.UnitTests", "TicketReservation.UnitTests\TicketReservation.UnitTests.csproj", "{82396C29-54C7-40AC-8376-BB02B2D1D79A}"
EndProject
Global
	GlobalSection(SolutionConfigurationPlatforms) = preSolution
		Debug|Any CPU = Debug|Any CPU
		Release|Any CPU = Release|Any CPU
	EndGlobalSection
	GlobalSection(ProjectConfigurationPlatforms) = postSolution
		{E39F41C6-F5D3-4017-A3B3-FDE50900FA21}.Debug|Any CPU.ActiveCfg = Debug|Any CPU
		{E39F41C6-F5D3-4017-A3B3-FDE50900FA21}.Debug|Any CPU.Build.0 = Debug|Any CPU
		{E39F41C6-F5D3-4017-A3B3-FDE50900FA21}.Release|Any CPU.ActiveCfg = Release|Any CPU
		{E39F41C6-F5D3-4017-A3B3-FDE50900FA21}.Release|Any CPU.Build.0 = Release|Any CPU
		{BB56F23D-69AB-4B1B-B6CD-085CEBB92F24}.Debug|Any CPU.ActiveCfg = Debug|Any CPU
		{BB56F23D-69AB-4B1B-B6CD-085CEBB92F24}.Debug|Any CPU.Build.0 = Debug|Any CPU
		{BB56F23D-69AB-4B1B-B6CD-085CEBB92F24}.Release|Any CPU.ActiveCfg = Release|Any CPU
		{BB56F23D-69AB-4B1B-B6CD-085CEBB92F24}.Release|Any CPU.Build.0 = Release|Any CPU
		{82396C29-54C7-40AC-8376-BB02B2D1D79A}.Debug|Any CPU.ActiveCfg = Debug|Any CPU
		{82396C29-54C7-40AC-8376-BB02B2D1D79A}.Debug|Any CPU.Build.0 = Debug|Any CPU
		{82396C29-54C7-40AC-8376-BB02B2D1D79A}.Release|Any CPU.ActiveCfg = Release|Any CPU
		{82396C29-54C7-40AC-8376-BB02B2D1D79A}.Release|Any CPU.Build.0 = Release|Any CPU
	EndGlobalSection
	GlobalSection(SolutionProperties) = preSolution
		HideSolutionNode = FALSE
	EndGlobalSection
EndGlobal
